// !$*UTF8*$!
{
	archiveVersion = 1;
	classes = {
	};
	objectVersion = 46;
	objects = {

/* Begin PBXBuildFile section */
		8800DFD21901D9F70056877E /* ToDoListTableViewController.m in Sources */ = {isa = PBXBuildFile; fileRef = 8800DFD11901D9F70056877E /* ToDoListTableViewController.m */; };
		8800DFD41901DA080056877E /* StoryBoard.storyboard in Resources */ = {isa = PBXBuildFile; fileRef = 8800DFD31901DA080056877E /* StoryBoard.storyboard */; };
		8800DFD91901DBEC0056877E /* HeaderView.xib in Resources */ = {isa = PBXBuildFile; fileRef = 8800DFD81901DBEC0056877E /* HeaderView.xib */; };
		8806058E19268C3E007441D2 /* InfoViewController.m in Sources */ = {isa = PBXBuildFile; fileRef = 8806058D19268C3E007441D2 /* InfoViewController.m */; };
		8806059119269095007441D2 /* ItemDetailsViewController.m in Sources */ = {isa = PBXBuildFile; fileRef = 8806059019269095007441D2 /* ItemDetailsViewController.m */; };
		880605941926975E007441D2 /* Item.m in Sources */ = {isa = PBXBuildFile; fileRef = 880605931926975E007441D2 /* Item.m */; };
		8806059519269772007441D2 /* ToDoList.xcdatamodeld in Resources */ = {isa = PBXBuildFile; fileRef = 886511FB1901A909001282C4 /* ToDoList.xcdatamodeld */; };
		883864411904835100E86AD2 /* ShareViewController.m in Sources */ = {isa = PBXBuildFile; fileRef = 883864401904835100E86AD2 /* ShareViewController.m */; };
		886511E81901A909001282C4 /* Foundation.framework in Frameworks */ = {isa = PBXBuildFile; fileRef = 886511E71901A909001282C4 /* Foundation.framework */; };
		886511EA1901A909001282C4 /* CoreGraphics.framework in Frameworks */ = {isa = PBXBuildFile; fileRef = 886511E91901A909001282C4 /* CoreGraphics.framework */; };
		886511EC1901A909001282C4 /* UIKit.framework in Frameworks */ = {isa = PBXBuildFile; fileRef = 886511EB1901A909001282C4 /* UIKit.framework */; };
		886511EE1901A909001282C4 /* CoreData.framework in Frameworks */ = {isa = PBXBuildFile; fileRef = 886511ED1901A909001282C4 /* CoreData.framework */; };
		886511F41901A909001282C4 /* InfoPlist.strings in Resources */ = {isa = PBXBuildFile; fileRef = 886511F21901A909001282C4 /* InfoPlist.strings */; };
		886511F61901A909001282C4 /* main.m in Sources */ = {isa = PBXBuildFile; fileRef = 886511F51901A909001282C4 /* main.m */; };
		886511FA1901A909001282C4 /* AppDelegate.m in Sources */ = {isa = PBXBuildFile; fileRef = 886511F91901A909001282C4 /* AppDelegate.m */; };
		886511FD1901A909001282C4 /* ToDoList.xcdatamodeld in Sources */ = {isa = PBXBuildFile; fileRef = 886511FB1901A909001282C4 /* ToDoList.xcdatamodeld */; };
		886511FF1901A909001282C4 /* Images.xcassets in Resources */ = {isa = PBXBuildFile; fileRef = 886511FE1901A909001282C4 /* Images.xcassets */; };
		886512061901A909001282C4 /* XCTest.framework in Frameworks */ = {isa = PBXBuildFile; fileRef = 886512051901A909001282C4 /* XCTest.framework */; };
		886512071901A909001282C4 /* Foundation.framework in Frameworks */ = {isa = PBXBuildFile; fileRef = 886511E71901A909001282C4 /* Foundation.framework */; };
		886512081901A909001282C4 /* UIKit.framework in Frameworks */ = {isa = PBXBuildFile; fileRef = 886511EB1901A909001282C4 /* UIKit.framework */; };
		886512091901A909001282C4 /* CoreData.framework in Frameworks */ = {isa = PBXBuildFile; fileRef = 886511ED1901A909001282C4 /* CoreData.framework */; };
		886512111901A909001282C4 /* InfoPlist.strings in Resources */ = {isa = PBXBuildFile; fileRef = 8865120F1901A909001282C4 /* InfoPlist.strings */; };
		886512131901A909001282C4 /* ToDoListTests.m in Sources */ = {isa = PBXBuildFile; fileRef = 886512121901A909001282C4 /* ToDoListTests.m */; };
		889B4C1A19048582001C4FE6 /* Social.framework in Frameworks */ = {isa = PBXBuildFile; fileRef = 889B4C1919048582001C4FE6 /* Social.framework */; };
		889B4C1C1904858C001C4FE6 /* MessageUI.framework in Frameworks */ = {isa = PBXBuildFile; fileRef = 889B4C1B1904858C001C4FE6 /* MessageUI.framework */; };
		889B4C1E190489F5001C4FE6 /* background.png in Resources */ = {isa = PBXBuildFile; fileRef = 889B4C1D190489F5001C4FE6 /* background.png */; };
		889B4C2219048A0C001C4FE6 /* tabbar.png in Resources */ = {isa = PBXBuildFile; fileRef = 889B4C2119048A0C001C4FE6 /* tabbar.png */; };
		889B4C2419048A23001C4FE6 /* GreenNavBar.png in Resources */ = {isa = PBXBuildFile; fileRef = 889B4C2319048A23001C4FE6 /* GreenNavBar.png */; };
		889B4C2619048A8F001C4FE6 /* button.png in Resources */ = {isa = PBXBuildFile; fileRef = 889B4C2519048A8F001C4FE6 /* button.png */; };
		889B4C2819048B90001C4FE6 /* TwitterShareButton.png in Resources */ = {isa = PBXBuildFile; fileRef = 889B4C2719048B90001C4FE6 /* TwitterShareButton.png */; };
		889B4C2A19048B93001C4FE6 /* FaceBookShareButton.png in Resources */ = {isa = PBXBuildFile; fileRef = 889B4C2919048B93001C4FE6 /* FaceBookShareButton.png */; };
		889B4C2C19048CBC001C4FE6 /* share.png in Resources */ = {isa = PBXBuildFile; fileRef = 889B4C2B19048CBC001C4FE6 /* share.png */; };
		889B4C2E19048CE5001C4FE6 /* 179-notepad.png in Resources */ = {isa = PBXBuildFile; fileRef = 889B4C2D19048CE5001C4FE6 /* 179-notepad.png */; };
		889B4C3019048D0C001C4FE6 /* 53-house.png in Resources */ = {isa = PBXBuildFile; fileRef = 889B4C2F19048D0C001C4FE6 /* 53-house.png */; };
/* End PBXBuildFile section */

/* Begin PBXContainerItemProxy section */
		8865120A1901A909001282C4 /* PBXContainerItemProxy */ = {
			isa = PBXContainerItemProxy;
			containerPortal = 886511DC1901A909001282C4 /* Project object */;
			proxyType = 1;
			remoteGlobalIDString = 886511E31901A909001282C4;
			remoteInfo = ToDoList;
		};
/* End PBXContainerItemProxy section */

/* Begin PBXFileReference section */
		8800DFD01901D9F70056877E /* ToDoListTableViewController.h */ = {isa = PBXFileReference; fileEncoding = 4; lastKnownFileType = sourcecode.c.h; path = ToDoListTableViewController.h; sourceTree = "<group>"; };
		8800DFD11901D9F70056877E /* ToDoListTableViewController.m */ = {isa = PBXFileReference; fileEncoding = 4; lastKnownFileType = sourcecode.c.objc; path = ToDoListTableViewController.m; sourceTree = "<group>"; };
		8800DFD31901DA080056877E /* StoryBoard.storyboard */ = {isa = PBXFileReference; fileEncoding = 4; lastKnownFileType = file.storyboard; path = StoryBoard.storyboard; sourceTree = "<group>"; };
		8800DFD81901DBEC0056877E /* HeaderView.xib */ = {isa = PBXFileReference; fileEncoding = 4; lastKnownFileType = file.xib; path = HeaderView.xib; sourceTree = "<group>"; };
		8806058C19268C3E007441D2 /* InfoViewController.h */ = {isa = PBXFileReference; fileEncoding = 4; lastKnownFileType = sourcecode.c.h; path = InfoViewController.h; sourceTree = "<group>"; };
		8806058D19268C3E007441D2 /* InfoViewController.m */ = {isa = PBXFileReference; fileEncoding = 4; lastKnownFileType = sourcecode.c.objc; path = InfoViewController.m; sourceTree = "<group>"; };
		8806058F19269095007441D2 /* ItemDetailsViewController.h */ = {isa = PBXFileReference; fileEncoding = 4; lastKnownFileType = sourcecode.c.h; path = ItemDetailsViewController.h; sourceTree = "<group>"; };
		8806059019269095007441D2 /* ItemDetailsViewController.m */ = {isa = PBXFileReference; fileEncoding = 4; lastKnownFileType = sourcecode.c.objc; path = ItemDetailsViewController.m; sourceTree = "<group>"; };
		880605921926975E007441D2 /* Item.h */ = {isa = PBXFileReference; fileEncoding = 4; lastKnownFileType = sourcecode.c.h; path = Item.h; sourceTree = "<group>"; };
		880605931926975E007441D2 /* Item.m */ = {isa = PBXFileReference; fileEncoding = 4; lastKnownFileType = sourcecode.c.objc; path = Item.m; sourceTree = "<group>"; };
		8838643F1904835100E86AD2 /* ShareViewController.h */ = {isa = PBXFileReference; fileEncoding = 4; lastKnownFileType = sourcecode.c.h; path = ShareViewController.h; sourceTree = "<group>"; };
		883864401904835100E86AD2 /* ShareViewController.m */ = {isa = PBXFileReference; fileEncoding = 4; lastKnownFileType = sourcecode.c.objc; path = ShareViewController.m; sourceTree = "<group>"; };
		886511E41901A909001282C4 /* ToDoList.app */ = {isa = PBXFileReference; explicitFileType = wrapper.application; includeInIndex = 0; path = ToDoList.app; sourceTree = BUILT_PRODUCTS_DIR; };
		886511E71901A909001282C4 /* Foundation.framework */ = {isa = PBXFileReference; lastKnownFileType = wrapper.framework; name = Foundation.framework; path = System/Library/Frameworks/Foundation.framework; sourceTree = SDKROOT; };
		886511E91901A909001282C4 /* CoreGraphics.framework */ = {isa = PBXFileReference; lastKnownFileType = wrapper.framework; name = CoreGraphics.framework; path = System/Library/Frameworks/CoreGraphics.framework; sourceTree = SDKROOT; };
		886511EB1901A909001282C4 /* UIKit.framework */ = {isa = PBXFileReference; lastKnownFileType = wrapper.framework; name = UIKit.framework; path = System/Library/Frameworks/UIKit.framework; sourceTree = SDKROOT; };
		886511ED1901A909001282C4 /* CoreData.framework */ = {isa = PBXFileReference; lastKnownFileType = wrapper.framework; name = CoreData.framework; path = System/Library/Frameworks/CoreData.framework; sourceTree = SDKROOT; };
		886511F11901A909001282C4 /* ToDoList-Info.plist */ = {isa = PBXFileReference; lastKnownFileType = text.plist.xml; path = "ToDoList-Info.plist"; sourceTree = "<group>"; };
		886511F31901A909001282C4 /* en */ = {isa = PBXFileReference; lastKnownFileType = text.plist.strings; name = en; path = en.lproj/InfoPlist.strings; sourceTree = "<group>"; };
		886511F51901A909001282C4 /* main.m */ = {isa = PBXFileReference; lastKnownFileType = sourcecode.c.objc; path = main.m; sourceTree = "<group>"; };
		886511F71901A909001282C4 /* ToDoList-Prefix.pch */ = {isa = PBXFileReference; lastKnownFileType = sourcecode.c.h; path = "ToDoList-Prefix.pch"; sourceTree = "<group>"; };
		886511F81901A909001282C4 /* AppDelegate.h */ = {isa = PBXFileReference; lastKnownFileType = sourcecode.c.h; path = AppDelegate.h; sourceTree = "<group>"; };
		886511F91901A909001282C4 /* AppDelegate.m */ = {isa = PBXFileReference; lastKnownFileType = sourcecode.c.objc; path = AppDelegate.m; sourceTree = "<group>"; };
		886511FC1901A909001282C4 /* ToDoList.xcdatamodel */ = {isa = PBXFileReference; lastKnownFileType = wrapper.xcdatamodel; path = ToDoList.xcdatamodel; sourceTree = "<group>"; };
		886511FE1901A909001282C4 /* Images.xcassets */ = {isa = PBXFileReference; lastKnownFileType = folder.assetcatalog; path = Images.xcassets; sourceTree = "<group>"; };
		886512041901A909001282C4 /* ToDoListTests.xctest */ = {isa = PBXFileReference; explicitFileType = wrapper.cfbundle; includeInIndex = 0; path = ToDoListTests.xctest; sourceTree = BUILT_PRODUCTS_DIR; };
		886512051901A909001282C4 /* XCTest.framework */ = {isa = PBXFileReference; lastKnownFileType = wrapper.framework; name = XCTest.framework; path = Library/Frameworks/XCTest.framework; sourceTree = DEVELOPER_DIR; };
		8865120E1901A909001282C4 /* ToDoListTests-Info.plist */ = {isa = PBXFileReference; lastKnownFileType = text.plist.xml; path = "ToDoListTests-Info.plist"; sourceTree = "<group>"; };
		886512101901A909001282C4 /* en */ = {isa = PBXFileReference; lastKnownFileType = text.plist.strings; name = en; path = en.lproj/InfoPlist.strings; sourceTree = "<group>"; };
		886512121901A909001282C4 /* ToDoListTests.m */ = {isa = PBXFileReference; lastKnownFileType = sourcecode.c.objc; path = ToDoListTests.m; sourceTree = "<group>"; };
		889B4C1919048582001C4FE6 /* Social.framework */ = {isa = PBXFileReference; lastKnownFileType = wrapper.framework; name = Social.framework; path = System/Library/Frameworks/Social.framework; sourceTree = SDKROOT; };
		889B4C1B1904858C001C4FE6 /* MessageUI.framework */ = {isa = PBXFileReference; lastKnownFileType = wrapper.framework; name = MessageUI.framework; path = System/Library/Frameworks/MessageUI.framework; sourceTree = SDKROOT; };
		889B4C1D190489F5001C4FE6 /* background.png */ = {isa = PBXFileReference; lastKnownFileType = image.png; path = background.png; sourceTree = "<group>"; };
		889B4C2119048A0C001C4FE6 /* tabbar.png */ = {isa = PBXFileReference; lastKnownFileType = image.png; path = tabbar.png; sourceTree = "<group>"; };
		889B4C2319048A23001C4FE6 /* GreenNavBar.png */ = {isa = PBXFileReference; lastKnownFileType = image.png; path = GreenNavBar.png; sourceTree = "<group>"; };
		889B4C2519048A8F001C4FE6 /* button.png */ = {isa = PBXFileReference; lastKnownFileType = image.png; path = button.png; sourceTree = "<group>"; };
		889B4C2719048B90001C4FE6 /* TwitterShareButton.png */ = {isa = PBXFileReference; lastKnownFileType = image.png; path = TwitterShareButton.png; sourceTree = "<group>"; };
		889B4C2919048B93001C4FE6 /* FaceBookShareButton.png */ = {isa = PBXFileReference; lastKnownFileType = image.png; path = FaceBookShareButton.png; sourceTree = "<group>"; };
		889B4C2B19048CBC001C4FE6 /* share.png */ = {isa = PBXFileReference; lastKnownFileType = image.png; path = share.png; sourceTree = "<group>"; };
		889B4C2D19048CE5001C4FE6 /* 179-notepad.png */ = {isa = PBXFileReference; lastKnownFileType = image.png; path = "179-notepad.png"; sourceTree = "<group>"; };
		889B4C2F19048D0C001C4FE6 /* 53-house.png */ = {isa = PBXFileReference; lastKnownFileType = image.png; path = "53-house.png"; sourceTree = "<group>"; };
/* End PBXFileReference section */

/* Begin PBXFrameworksBuildPhase section */
		886511E11901A909001282C4 /* Frameworks */ = {
			isa = PBXFrameworksBuildPhase;
			buildActionMask = 2147483647;
			files = (
				889B4C1C1904858C001C4FE6 /* MessageUI.framework in Frameworks */,
				889B4C1A19048582001C4FE6 /* Social.framework in Frameworks */,
				886511EA1901A909001282C4 /* CoreGraphics.framework in Frameworks */,
				886511EE1901A909001282C4 /* CoreData.framework in Frameworks */,
				886511EC1901A909001282C4 /* UIKit.framework in Frameworks */,
				886511E81901A909001282C4 /* Foundation.framework in Frameworks */,
			);
			runOnlyForDeploymentPostprocessing = 0;
		};
		886512011901A909001282C4 /* Frameworks */ = {
			isa = PBXFrameworksBuildPhase;
			buildActionMask = 2147483647;
			files = (
				886512061901A909001282C4 /* XCTest.framework in Frameworks */,
				886512091901A909001282C4 /* CoreData.framework in Frameworks */,
				886512081901A909001282C4 /* UIKit.framework in Frameworks */,
				886512071901A909001282C4 /* Foundation.framework in Frameworks */,
			);
			runOnlyForDeploymentPostprocessing = 0;
		};
/* End PBXFrameworksBuildPhase section */

/* Begin PBXGroup section */
		886511DB1901A909001282C4 = {
			isa = PBXGroup;
			children = (
				886511EF1901A909001282C4 /* ToDoList */,
				8865120C1901A909001282C4 /* ToDoListTests */,
				886511E61901A909001282C4 /* Frameworks */,
				886511E51901A909001282C4 /* Products */,
			);
			sourceTree = "<group>";
		};
		886511E51901A909001282C4 /* Products */ = {
			isa = PBXGroup;
			children = (
				886511E41901A909001282C4 /* ToDoList.app */,
				886512041901A909001282C4 /* ToDoListTests.xctest */,
			);
			name = Products;
			sourceTree = "<group>";
		};
		886511E61901A909001282C4 /* Frameworks */ = {
			isa = PBXGroup;
			children = (
				889B4C1B1904858C001C4FE6 /* MessageUI.framework */,
				889B4C1919048582001C4FE6 /* Social.framework */,
				886511E71901A909001282C4 /* Foundation.framework */,
				886511E91901A909001282C4 /* CoreGraphics.framework */,
				886511EB1901A909001282C4 /* UIKit.framework */,
				886511ED1901A909001282C4 /* CoreData.framework */,
				886512051901A909001282C4 /* XCTest.framework */,
			);
			name = Frameworks;
			sourceTree = "<group>";
		};
		886511EF1901A909001282C4 /* ToDoList */ = {
			isa = PBXGroup;
			children = (
				889B4C2519048A8F001C4FE6 /* button.png */,
				889B4C2F19048D0C001C4FE6 /* 53-house.png */,
				889B4C2D19048CE5001C4FE6 /* 179-notepad.png */,
				889B4C2719048B90001C4FE6 /* TwitterShareButton.png */,
				889B4C2119048A0C001C4FE6 /* tabbar.png */,
				889B4C2B19048CBC001C4FE6 /* share.png */,
				889B4C2919048B93001C4FE6 /* FaceBookShareButton.png */,
				889B4C1D190489F5001C4FE6 /* background.png */,
				889B4C2319048A23001C4FE6 /* GreenNavBar.png */,
				8800DFD81901DBEC0056877E /* HeaderView.xib */,
				886511F81901A909001282C4 /* AppDelegate.h */,
				886511F91901A909001282C4 /* AppDelegate.m */,
				8800DFD01901D9F70056877E /* ToDoListTableViewController.h */,
				8800DFD11901D9F70056877E /* ToDoListTableViewController.m */,
				8838643F1904835100E86AD2 /* ShareViewController.h */,
				883864401904835100E86AD2 /* ShareViewController.m */,
				8800DFD31901DA080056877E /* StoryBoard.storyboard */,
				8806058C19268C3E007441D2 /* InfoViewController.h */,
				8806058D19268C3E007441D2 /* InfoViewController.m */,
				8806058F19269095007441D2 /* ItemDetailsViewController.h */,
				8806059019269095007441D2 /* ItemDetailsViewController.m */,
				886511FE1901A909001282C4 /* Images.xcassets */,
				880605921926975E007441D2 /* Item.h */,
				880605931926975E007441D2 /* Item.m */,
				886511FB1901A909001282C4 /* ToDoList.xcdatamodeld */,
				886511F01901A909001282C4 /* Supporting Files */,
			);
			path = ToDoList;
			sourceTree = "<group>";
		};
		886511F01901A909001282C4 /* Supporting Files */ = {
			isa = PBXGroup;
			children = (
				886511F11901A909001282C4 /* ToDoList-Info.plist */,
				886511F21901A909001282C4 /* InfoPlist.strings */,
				886511F51901A909001282C4 /* main.m */,
				886511F71901A909001282C4 /* ToDoList-Prefix.pch */,
			);
			name = "Supporting Files";
			sourceTree = "<group>";
		};
		8865120C1901A909001282C4 /* ToDoListTests */ = {
			isa = PBXGroup;
			children = (
				886512121901A909001282C4 /* ToDoListTests.m */,
				8865120D1901A909001282C4 /* Supporting Files */,
			);
			path = ToDoListTests;
			sourceTree = "<group>";
		};
		8865120D1901A909001282C4 /* Supporting Files */ = {
			isa = PBXGroup;
			children = (
				8865120E1901A909001282C4 /* ToDoListTests-Info.plist */,
				8865120F1901A909001282C4 /* InfoPlist.strings */,
			);
			name = "Supporting Files";
			sourceTree = "<group>";
		};
/* End PBXGroup section */

/* Begin PBXNativeTarget section */
		886511E31901A909001282C4 /* ToDoList */ = {
			isa = PBXNativeTarget;
			buildConfigurationList = 886512161901A909001282C4 /* Build configuration list for PBXNativeTarget "ToDoList" */;
			buildPhases = (
				886511E01901A909001282C4 /* Sources */,
				886511E11901A909001282C4 /* Frameworks */,
				886511E21901A909001282C4 /* Resources */,
			);
			buildRules = (
			);
			dependencies = (
			);
			name = ToDoList;
			productName = ToDoList;
			productReference = 886511E41901A909001282C4 /* ToDoList.app */;
			productType = "com.apple.product-type.application";
		};
		886512031901A909001282C4 /* ToDoListTests */ = {
			isa = PBXNativeTarget;
			buildConfigurationList = 886512191901A909001282C4 /* Build configuration list for PBXNativeTarget "ToDoListTests" */;
			buildPhases = (
				886512001901A909001282C4 /* Sources */,
				886512011901A909001282C4 /* Frameworks */,
				886512021901A909001282C4 /* Resources */,
			);
			buildRules = (
			);
			dependencies = (
				8865120B1901A909001282C4 /* PBXTargetDependency */,
			);
			name = ToDoListTests;
			productName = ToDoListTests;
			productReference = 886512041901A909001282C4 /* ToDoListTests.xctest */;
			productType = "com.apple.product-type.bundle.unit-test";
		};
/* End PBXNativeTarget section */

/* Begin PBXProject section */
		886511DC1901A909001282C4 /* Project object */ = {
			isa = PBXProject;
			attributes = {
				LastUpgradeCheck = 0510;
				ORGANIZATIONNAME = CongenialApps;
				TargetAttributes = {
					886512031901A909001282C4 = {
						TestTargetID = 886511E31901A909001282C4;
					};
				};
			};
			buildConfigurationList = 886511DF1901A909001282C4 /* Build configuration list for PBXProject "ToDoList" */;
			compatibilityVersion = "Xcode 3.2";
			developmentRegion = English;
			hasScannedForEncodings = 0;
			knownRegions = (
				en,
			);
			mainGroup = 886511DB1901A909001282C4;
			productRefGroup = 886511E51901A909001282C4 /* Products */;
			projectDirPath = "";
			projectRoot = "";
			targets = (
				886511E31901A909001282C4 /* ToDoList */,
				886512031901A909001282C4 /* ToDoListTests */,
			);
		};
/* End PBXProject section */

/* Begin PBXResourcesBuildPhase section */
		886511E21901A909001282C4 /* Resources */ = {
			isa = PBXResourcesBuildPhase;
			buildActionMask = 2147483647;
			files = (
				8806059519269772007441D2 /* ToDoList.xcdatamodeld in Resources */,
				889B4C2819048B90001C4FE6 /* TwitterShareButton.png in Resources */,
				886511F41901A909001282C4 /* InfoPlist.strings in Resources */,
				889B4C2619048A8F001C4FE6 /* button.png in Resources */,
				889B4C1E190489F5001C4FE6 /* background.png in Resources */,
				889B4C2C19048CBC001C4FE6 /* share.png in Resources */,
				886511FF1901A909001282C4 /* Images.xcassets in Resources */,
				889B4C2219048A0C001C4FE6 /* tabbar.png in Resources */,
				889B4C2419048A23001C4FE6 /* GreenNavBar.png in Resources */,
				889B4C3019048D0C001C4FE6 /* 53-house.png in Resources */,
				889B4C2A19048B93001C4FE6 /* FaceBookShareButton.png in Resources */,
				8800DFD41901DA080056877E /* StoryBoard.storyboard in Resources */,
				8800DFD91901DBEC0056877E /* HeaderView.xib in Resources */,
				889B4C2E19048CE5001C4FE6 /* 179-notepad.png in Resources */,
			);
			runOnlyForDeploymentPostprocessing = 0;
		};
		886512021901A909001282C4 /* Resources */ = {
			isa = PBXResourcesBuildPhase;
			buildActionMask = 2147483647;
			files = (
				886512111901A909001282C4 /* InfoPlist.strings in Resources */,
			);
			runOnlyForDeploymentPostprocessing = 0;
		};
/* End PBXResourcesBuildPhase section */

/* Begin PBXSourcesBuildPhase section */
		886511E01901A909001282C4 /* Sources */ = {
			isa = PBXSourcesBuildPhase;
			buildActionMask = 2147483647;
			files = (
				880605941926975E007441D2 /* Item.m in Sources */,
				886511FA1901A909001282C4 /* AppDelegate.m in Sources */,
				8806059119269095007441D2 /* ItemDetailsViewController.m in Sources */,
				8800DFD21901D9F70056877E /* ToDoListTableViewController.m in Sources */,
				886511FD1901A909001282C4 /* ToDoList.xcdatamodeld in Sources */,
				883864411904835100E86AD2 /* ShareViewController.m in Sources */,
				8806058E19268C3E007441D2 /* InfoViewController.m in Sources */,
				886511F61901A909001282C4 /* main.m in Sources */,
			);
			runOnlyForDeploymentPostprocessing = 0;
		};
		886512001901A909001282C4 /* Sources */ = {
			isa = PBXSourcesBuildPhase;
			buildActionMask = 2147483647;
			files = (
				886512131901A909001282C4 /* ToDoListTests.m in Sources */,
			);
			runOnlyForDeploymentPostprocessing = 0;
		};
/* End PBXSourcesBuildPhase section */

/* Begin PBXTargetDependency section */
		8865120B1901A909001282C4 /* PBXTargetDependency */ = {
			isa = PBXTargetDependency;
			target = 886511E31901A909001282C4 /* ToDoList */;
			targetProxy = 8865120A1901A909001282C4 /* PBXContainerItemProxy */;
		};
/* End PBXTargetDependency section */

/* Begin PBXVariantGroup section */
		886511F21901A909001282C4 /* InfoPlist.strings */ = {
			isa = PBXVariantGroup;
			children = (
				886511F31901A909001282C4 /* en */,
			);
			name = InfoPlist.strings;
			sourceTree = "<group>";
		};
		8865120F1901A909001282C4 /* InfoPlist.strings */ = {
			isa = PBXVariantGroup;
			children = (
				886512101901A909001282C4 /* en */,
			);
			name = InfoPlist.strings;
			sourceTree = "<group>";
		};
/* End PBXVariantGroup section */

/* Begin XCBuildConfiguration section */
		886512141901A909001282C4 /* Debug */ = {
			isa = XCBuildConfiguration;
			buildSettings = {
				ALWAYS_SEARCH_USER_PATHS = NO;
				CLANG_CXX_LANGUAGE_STANDARD = "gnu++0x";
				CLANG_CXX_LIBRARY = "libc++";
				CLANG_ENABLE_MODULES = YES;
				CLANG_ENABLE_OBJC_ARC = YES;
				CLANG_WARN_BOOL_CONVERSION = YES;
				CLANG_WARN_CONSTANT_CONVERSION = YES;
				CLANG_WARN_DIRECT_OBJC_ISA_USAGE = YES_ERROR;
				CLANG_WARN_EMPTY_BODY = YES;
				CLANG_WARN_ENUM_CONVERSION = YES;
				CLANG_WARN_INT_CONVERSION = YES;
				CLANG_WARN_OBJC_ROOT_CLASS = YES_ERROR;
				CLANG_WARN__DUPLICATE_METHOD_MATCH = YES;
				"CODE_SIGN_IDENTITY[sdk=iphoneos*]" = "iPhone Developer";
				COPY_PHASE_STRIP = NO;
				GCC_C_LANGUAGE_STANDARD = gnu99;
				GCC_DYNAMIC_NO_PIC = NO;
				GCC_OPTIMIZATION_LEVEL = 0;
				GCC_PREPROCESSOR_DEFINITIONS = (
					"DEBUG=1",
					"$(inherited)",
				);
				GCC_SYMBOLS_PRIVATE_EXTERN = NO;
				GCC_WARN_64_TO_32_BIT_CONVERSION = YES;
				GCC_WARN_ABOUT_RETURN_TYPE = YES_ERROR;
				GCC_WARN_UNDECLARED_SELECTOR = YES;
				GCC_WARN_UNINITIALIZED_AUTOS = YES_AGGRESSIVE;
				GCC_WARN_UNUSED_FUNCTION = YES;
				GCC_WARN_UNUSED_VARIABLE = YES;
				IPHONEOS_DEPLOYMENT_TARGET = 7.1;
				ONLY_ACTIVE_ARCH = YES;
				SDKROOT = iphoneos;
			};
			name = Debug;
		};
		886512151901A909001282C4 /* Release */ = {
			isa = XCBuildConfiguration;
			buildSettings = {
				ALWAYS_SEARCH_USER_PATHS = NO;
				CLANG_CXX_LANGUAGE_STANDARD = "gnu++0x";
				CLANG_CXX_LIBRARY = "libc++";
				CLANG_ENABLE_MODULES = YES;
				CLANG_ENABLE_OBJC_ARC = YES;
				CLANG_WARN_BOOL_CONVERSION = YES;
				CLANG_WARN_CONSTANT_CONVERSION = YES;
				CLANG_WARN_DIRECT_OBJC_ISA_USAGE = YES_ERROR;
				CLANG_WARN_EMPTY_BODY = YES;
				CLANG_WARN_ENUM_CONVERSION = YES;
				CLANG_WARN_INT_CONVERSION = YES;
				CLANG_WARN_OBJC_ROOT_CLASS = YES_ERROR;
				CLANG_WARN__DUPLICATE_METHOD_MATCH = YES;
				"CODE_SIGN_IDENTITY[sdk=iphoneos*]" = "iPhone Developer";
				COPY_PHASE_STRIP = YES;
				ENABLE_NS_ASSERTIONS = NO;
				GCC_C_LANGUAGE_STANDARD = gnu99;
				GCC_WARN_64_TO_32_BIT_CONVERSION = YES;
				GCC_WARN_ABOUT_RETURN_TYPE = YES_ERROR;
				GCC_WARN_UNDECLARED_SELECTOR = YES;
				GCC_WARN_UNINITIALIZED_AUTOS = YES_AGGRESSIVE;
				GCC_WARN_UNUSED_FUNCTION = YES;
				GCC_WARN_UNUSED_VARIABLE = YES;
				IPHONEOS_DEPLOYMENT_TARGET = 7.1;
				SDKROOT = iphoneos;
				VALIDATE_PRODUCT = YES;
			};
			name = Release;
		};
		886512171901A909001282C4 /* Debug */ = {
			isa = XCBuildConfiguration;
			buildSettings = {
				ASSETCATALOG_COMPILER_APPICON_NAME = AppIcon;
				ASSETCATALOG_COMPILER_LAUNCHIMAGE_NAME = LaunchImage;
				GCC_PRECOMPILE_PREFIX_HEADER = YES;
				GCC_PREFIX_HEADER = "ToDoList/ToDoList-Prefix.pch";
				INFOPLIST_FILE = "ToDoList/ToDoList-Info.plist";
				PRODUCT_NAME = "$(TARGET_NAME)";
				WRAPPER_EXTENSION = app;
			};
			name = Debug;
		};
		886512181901A909001282C4 /* Release */ = {
			isa = XCBuildConfiguration;
			buildSettings = {
				ASSETCATALOG_COMPILER_APPICON_NAME = AppIcon;
				ASSETCATALOG_COMPILER_LAUNCHIMAGE_NAME = LaunchImage;
				GCC_PRECOMPILE_PREFIX_HEADER = YES;
				GCC_PREFIX_HEADER = "ToDoList/ToDoList-Prefix.pch";
				INFOPLIST_FILE = "ToDoList/ToDoList-Info.plist";
				PRODUCT_NAME = "$(TARGET_NAME)";
				WRAPPER_EXTENSION = app;
			};
			name = Release;
		};
		8865121A1901A909001282C4 /* Debug */ = {
			isa = XCBuildConfiguration;
			buildSettings = {
				BUNDLE_LOADER = "$(BUILT_PRODUCTS_DIR)/ToDoList.app/ToDoList";
				FRAMEWORK_SEARCH_PATHS = (
					"$(SDKROOT)/Developer/Library/Frameworks",
					"$(inherited)",
					"$(DEVELOPER_FRAMEWORKS_DIR)",
				);
				GCC_PRECOMPILE_PREFIX_HEADER = YES;
				GCC_PREFIX_HEADER = "ToDoList/ToDoList-Prefix.pch";
				GCC_PREPROCESSOR_DEFINITIONS = (
					"DEBUG=1",
					"$(inherited)",
				);
				INFOPLIST_FILE = "ToDoListTests/ToDoListTests-Info.plist";
				PRODUCT_NAME = "$(TARGET_NAME)";
				TEST_HOST = "$(BUNDLE_LOADER)";
				WRAPPER_EXTENSION = xctest;
			};
			name = Debug;
		};
		8865121B1901A909001282C4 /* Release */ = {
			isa = XCBuildConfiguration;
			buildSettings = {
				BUNDLE_LOADER = "$(BUILT_PRODUCTS_DIR)/ToDoList.app/ToDoList";
				FRAMEWORK_SEARCH_PATHS = (
					"$(SDKROOT)/Developer/Library/Frameworks",
					"$(inherited)",
					"$(DEVELOPER_FRAMEWORKS_DIR)",
				);
				GCC_PRECOMPILE_PREFIX_HEADER = YES;
				GCC_PREFIX_HEADER = "ToDoList/ToDoList-Prefix.pch";
				INFOPLIST_FILE = "ToDoListTests/ToDoListTests-Info.plist";
				PRODUCT_NAME = "$(TARGET_NAME)";
				TEST_HOST = "$(BUNDLE_LOADER)";
				WRAPPER_EXTENSION = xctest;
			};
			name = Release;
		};
/* End XCBuildConfiguration section */

/* Begin XCConfigurationList section */
		886511DF1901A909001282C4 /* Build configuration list for PBXProject "ToDoList" */ = {
			isa = XCConfigurationList;
			buildConfigurations = (
				886512141901A909001282C4 /* Debug */,
				886512151901A909001282C4 /* Release */,
			);
			defaultConfigurationIsVisible = 0;
			defaultConfigurationName = Release;
		};
		886512161901A909001282C4 /* Build configuration list for PBXNativeTarget "ToDoList" */ = {
			isa = XCConfigurationList;
			buildConfigurations = (
				886512171901A909001282C4 /* Debug */,
				886512181901A909001282C4 /* Release */,
			);
			defaultConfigurationIsVisible = 0;
			defaultConfigurationName = Release;
		};
		886512191901A909001282C4 /* Build configuration list for PBXNativeTarget "ToDoListTests" */ = {
			isa = XCConfigurationList;
			buildConfigurations = (
				8865121A1901A909001282C4 /* Debug */,
				8865121B1901A909001282C4 /* Release */,
			);
			defaultConfigurationIsVisible = 0;
			defaultConfigurationName = Release;
		};
/* End XCConfigurationList section */

/* Begin XCVersionGroup section */
		886511FB1901A909001282C4 /* ToDoList.xcdatamodeld */ = {
			isa = XCVersionGroup;
			children = (
				886511FC1901A909001282C4 /* ToDoList.xcdatamodel */,
			);
			currentVersion = 886511FC1901A909001282C4 /* ToDoList.xcdatamodel */;
			path = ToDoList.xcdatamodeld;
			sourceTree = "<group>";
			versionGroupType = wrapper.xcdatamodel;
		};
/* End XCVersionGroup section */
	};
	rootObject = 886511DC1901A909001282C4 /* Project object */;
}
